{
    "_readme": [
        "This file locks the dependencies of your project to a known state",
        "Read more about it at https://getcomposer.org/doc/01-basic-usage.md#installing-dependencies",
        "This file is @generated automatically"
    ],
    "content-hash": "8f72506a98b3dafe5e44974423236bab",
    "packages": [
        {
            "name": "perritu/api-sessions",
            "version": "V1.0.1-RC",
            "source": {
                "type": "git",
                "url": "https://github.com/Perritu/ApiSessions.git",
                "reference": "f7c96f3565aff4c853826fd3d2a7c9e8f44f9f7a"
            },
            "dist": {
                "type": "zip",
                "url": "https://api.github.com/repos/Perritu/ApiSessions/zipball/f7c96f3565aff4c853826fd3d2a7c9e8f44f9f7a",
                "reference": "f7c96f3565aff4c853826fd3d2a7c9e8f44f9f7a",
                "shasum": ""
            },
            "require": {
                "php": ">=8.5.0"
            },
            "type": "library",
            "autoload": {
                "psr-4": {
                    "Perritu\\ApiSessions\\": "src/"
                }
            },
            "notification-url": "https://packagist.org/downloads/",
            "license": [
                "Unlicense"
            ],
            "authors": [
                {
                    "name": "Angel Garcia",
                    "email": "git@angelgarcia.dev"
                }
            ],
            "homepage": "https://github.com/Perritu/ApiSessions",
            "keywords": [
                "api",
                "rest",
                "session",
                "session manager"
            ],
            "support": {
                "issues": "https://github.com/Perritu/ApiSessions/issues",
                "source": "https://github.com/Perritu/ApiSessions/tree/V1.0.1-RC"
            },
            "time": "2026-05-01T03:36:22+00:00"
        },
        {
            "name": "perritu/lean-db",
            "version": "v1.0.2-rc",
            "source": {
                "type": "git",
                "url": "https://github.com/Perritu/LeanDB.git",
                "reference": "0de486b0441c22c61427e2dc1ea1e1d25a1c6046"
            },
            "dist": {
                "type": "zip",
                "url": "https://api.github.com/repos/Perritu/LeanDB/zipball/0de486b0441c22c61427e2dc1ea1e1d25a1c6046",
                "reference": "0de486b0441c22c61427e2dc1ea1e1d25a1c6046",
                "shasum": ""
            },
            "require": {
                "ext-pdo": "*",
                "ext-pdo_mysql": "*",
                "php": ">=8.5.0"
            },
            "type": "library",
            "autoload": {
                "psr-4": {
                    "Perritu\\LeanDB\\": "src/"
                }
            },
            "notification-url": "https://packagist.org/downloads/",
            "license": [
                "Unlicense"
            ],
            "authors": [
                {
                    "name": "Angel García",
                    "email": "git@angelgarcia.dev"
                }
            ],
            "description": "A simple and light yet powerful ORM for PHP",
            "homepage": "https://github.com/Perritu/LeanDB",
            "keywords": [
                "crud",
                "database",
                "orm"
            ],
            "support": {
                "issues": "https://github.com/Perritu/LeanDB/issues",
                "source": "https://github.com/Perritu/LeanDB/tree/v1.0.2-rc"
            },
            "time": "2026-04-15T04:24:42+00:00"
        },
        {
            "name": "perritu/router",
            "version": "v2.0.4",
            "source": {
                "type": "git",
                "url": "https://github.com/Perritu/Router.git",
                "reference": "f4ca8b43dac04d54050733252ac881a4146e0bc1"
            },
            "dist": {
                "type": "zip",
                "url": "https://api.github.com/repos/Perritu/Router/zipball/f4ca8b43dac04d54050733252ac881a4146e0bc1",
                "reference": "f4ca8b43dac04d54050733252ac881a4146e0bc1",
                "shasum": ""
            },
            "require": {
                "php": ">=8.1"
            },
            "type": "library",
            "autoload": {
                "psr-4": {
                    "Perritu\\Router\\": "src/"
                }
            },
            "notification-url": "https://packagist.org/downloads/",
            "license": [
                "Unlicense"
            ],
            "authors": [
                {
                    "name": "Angel Garcia",
                    "email": "git@angelgarcia.dev"
                }
            ],
            "description": "Simple -yet powerfull- PHP Router",
            "support": {
                "issues": "https://github.com/Perritu/Router/issues",
                "source": "https://github.com/Perritu/Router/tree/v2.0.4"
            },
            "time": "2025-12-30T06:49:04+00:00"
        }
    ],
    "packages-dev": [],
    "aliases": [],
    "minimum-stability": "RC",
    "stability-flags": {},
    "prefer-stable": false,
    "prefer-lowest": false,
    "platform": {
        "php": ">=8.5"
    },
    "platform-dev": {},
    "plugin-api-version": "2.9.0"
}
